
Microsoft Visual Studio Solution File, Format Version 12.00
# Visual Studio Version 17
VisualStudioVersion = 17.13.35818.85 d17.13
MinimumVisualStudioVersion = 10.0.40219.1
Project("{2150E333-8FDC-42A3-9474-1A3956D46DE8}") = "Examples", "Examples", "{5E024A6D-DD45-421A-BF51-73DBA0A27E53}"
EndProject
Project("{FAE04EC0-301F-11D3-BF4B-00C04F79EFBC}") = "Test_Info", "Test_Info\Test_Info.csproj", "{3EFEDA92-CAE3-4585-A519-439ACD58468A}"
EndProject
Project("{FAE04EC0-301F-11D3-BF4B-00C04F79EFBC}") = "Read.Write", "Examples\Read.Write\Read.Write.csproj", "{4030AC2F-4073-4F33-A529-6AF5B5D99B45}"
EndProject
Project("{FAE04EC0-301F-11D3-BF4B-00C04F79EFBC}") = "Read.Only", "Examples\Read.Only\Read.Only.csproj", "{1133D96A-E8E5-4C70-8E17-B9226A78093C}"
EndProject
Project("{FAE04EC0-301F-11D3-BF4B-00C04F79EFBC}") = "Show.Info", "Examples\Show.Info\Show.Info.csproj", "{F7069C5F-8327-471A-9C13-9764C11E3A56}"
EndProject
Project("{FAE04EC0-301F-11D3-BF4B-00C04F79EFBC}") = "Read.Write.Async", "Examples\Read.Write.Async\Read.Write.Async.csproj", "{C67D8BD5-18C4-4D1D-83E6-03E04660884D}"
EndProject
Project("{FAE04EC0-301F-11D3-BF4B-00C04F79EFBC}") = "BenchmarkCon", "BenchmarkCon\BenchmarkCon.csproj", "{D1D2E921-F735-4D04-B6B4-6F9A4B70F749}"
EndProject
Project("{FAE04EC0-301F-11D3-BF4B-00C04F79EFBC}") = "Read.Isochronous", "Examples\Read.Isochronous\Read.Isochronous.csproj", "{4581EC5B-EB14-4B1A-A85B-9D3B1087DBBE}"
EndProject
Project("{9A19103F-16F7-4668-BE54-9A1E7A4F7556}") = "LibUsbDotNet", "LibUsbDotNet\LibUsbDotNet.csproj", "{0A78F6FF-5586-4052-8104-E23FF83A7CE1}"
EndProject
Project("{9A19103F-16F7-4668-BE54-9A1E7A4F7556}") = "LibUsbDotNet.Generator", "LibUsbDotNet.Generator\LibUsbDotNet.Generator.csproj", "{51945A8A-A1A5-4DFE-8809-1D7C59C5A4DA}"
EndProject
Project("{9A19103F-16F7-4668-BE54-9A1E7A4F7556}") = "LibUsbDotNet.Tests", "LibUsbDotNet.Tests\LibUsbDotNet.Tests.csproj", "{519DDD94-3A95-4F0D-9B51-B6C75DE45F55}"
EndProject
Project("{FAE04EC0-301F-11D3-BF4B-00C04F79EFBC}") = "Hotplug", "Examples\Hotplug\Hotplug.csproj", "{BE6F8A0A-EE80-47CE-B7CF-A700849BB2A0}"
EndProject
Project("{8BC9CEB8-8B4A-11D0-8D11-00A0C91BC942}") = "libusb_dll", "..\..\..\libusb-1.0.27\libusb-1.0.27\msvc\libusb_dll.vcxproj", "{349EE8FA-7D25-4909-AAF5-FF3FADE72187}"
EndProject
Global
	GlobalSection(SolutionConfigurationPlatforms) = preSolution
		Debug|Any CPU = Debug|Any CPU
		Debug|ARM = Debug|ARM
		Debug|ARM64 = Debug|ARM64
		Debug|x64 = Debug|x64
		Debug|x86 = Debug|x86
		Debug-MT|Any CPU = Debug-MT|Any CPU
		Debug-MT|ARM = Debug-MT|ARM
		Debug-MT|ARM64 = Debug-MT|ARM64
		Debug-MT|x64 = Debug-MT|x64
		Debug-MT|x86 = Debug-MT|x86
		Release|Any CPU = Release|Any CPU
		Release|ARM = Release|ARM
		Release|ARM64 = Release|ARM64
		Release|x64 = Release|x64
		Release|x86 = Release|x86
		Release-MT|Any CPU = Release-MT|Any CPU
		Release-MT|ARM = Release-MT|ARM
		Release-MT|ARM64 = Release-MT|ARM64
		Release-MT|x64 = Release-MT|x64
		Release-MT|x86 = Release-MT|x86
	EndGlobalSection
	GlobalSection(ProjectConfigurationPlatforms) = postSolution
		{3EFEDA92-CAE3-4585-A519-439ACD58468A}.Debug|Any CPU.ActiveCfg = Debug|Any CPU
		{3EFEDA92-CAE3-4585-A519-439ACD58468A}.Debug|Any CPU.Build.0 = Debug|Any CPU
		{3EFEDA92-CAE3-4585-A519-439ACD58468A}.Debug|ARM.ActiveCfg = Debug|Any CPU
		{3EFEDA92-CAE3-4585-A519-439ACD58468A}.Debug|ARM.Build.0 = Debug|Any CPU
		{3EFEDA92-CAE3-4585-A519-439ACD58468A}.Debug|ARM64.ActiveCfg = Debug|Any CPU
		{3EFEDA92-CAE3-4585-A519-439ACD58468A}.Debug|ARM64.Build.0 = Debug|Any CPU
		{3EFEDA92-CAE3-4585-A519-439ACD58468A}.Debug|x64.ActiveCfg = Debug|Any CPU
		{3EFEDA92-CAE3-4585-A519-439ACD58468A}.Debug|x64.Build.0 = Debug|Any CPU
		{3EFEDA92-CAE3-4585-A519-439ACD58468A}.Debug|x86.ActiveCfg = Debug|x86
		{3EFEDA92-CAE3-4585-A519-439ACD58468A}.Debug|x86.Build.0 = Debug|x86
		{3EFEDA92-CAE3-4585-A519-439ACD58468A}.Debug-MT|Any CPU.ActiveCfg = Debug|Any CPU
		{3EFEDA92-CAE3-4585-A519-439ACD58468A}.Debug-MT|Any CPU.Build.0 = Debug|Any CPU
		{3EFEDA92-CAE3-4585-A519-439ACD58468A}.Debug-MT|ARM.ActiveCfg = Debug|Any CPU
		{3EFEDA92-CAE3-4585-A519-439ACD58468A}.Debug-MT|ARM.Build.0 = Debug|Any CPU
		{3EFEDA92-CAE3-4585-A519-439ACD58468A}.Debug-MT|ARM64.ActiveCfg = Debug|Any CPU
		{3EFEDA92-CAE3-4585-A519-439ACD58468A}.Debug-MT|ARM64.Build.0 = Debug|Any CPU
		{3EFEDA92-CAE3-4585-A519-439ACD58468A}.Debug-MT|x64.ActiveCfg = Debug|Any CPU
		{3EFEDA92-CAE3-4585-A519-439ACD58468A}.Debug-MT|x64.Build.0 = Debug|Any CPU
		{3EFEDA92-CAE3-4585-A519-439ACD58468A}.Debug-MT|x86.ActiveCfg = Debug|x86
		{3EFEDA92-CAE3-4585-A519-439ACD58468A}.Debug-MT|x86.Build.0 = Debug|x86
		{3EFEDA92-CAE3-4585-A519-439ACD58468A}.Release|Any CPU.ActiveCfg = Release|Any CPU
		{3EFEDA92-CAE3-4585-A519-439ACD58468A}.Release|Any CPU.Build.0 = Release|Any CPU
		{3EFEDA92-CAE3-4585-A519-439ACD58468A}.Release|ARM.ActiveCfg = Release|Any CPU
		{3EFEDA92-CAE3-4585-A519-439ACD58468A}.Release|ARM.Build.0 = Release|Any CPU
		{3EFEDA92-CAE3-4585-A519-439ACD58468A}.Release|ARM64.ActiveCfg = Release|Any CPU
		{3EFEDA92-CAE3-4585-A519-439ACD58468A}.Release|ARM64.Build.0 = Release|Any CPU
		{3EFEDA92-CAE3-4585-A519-439ACD58468A}.Release|x64.ActiveCfg = Release|Any CPU
		{3EFEDA92-CAE3-4585-A519-439ACD58468A}.Release|x64.Build.0 = Release|Any CPU
		{3EFEDA92-CAE3-4585-A519-439ACD58468A}.Release|x86.ActiveCfg = Release|x86
		{3EFEDA92-CAE3-4585-A519-439ACD58468A}.Release|x86.Build.0 = Release|x86
		{3EFEDA92-CAE3-4585-A519-439ACD58468A}.Release-MT|Any CPU.ActiveCfg = Release|Any CPU
		{3EFEDA92-CAE3-4585-A519-439ACD58468A}.Release-MT|Any CPU.Build.0 = Release|Any CPU
		{3EFEDA92-CAE3-4585-A519-439ACD58468A}.Release-MT|ARM.ActiveCfg = Release|Any CPU
		{3EFEDA92-CAE3-4585-A519-439ACD58468A}.Release-MT|ARM.Build.0 = Release|Any CPU
		{3EFEDA92-CAE3-4585-A519-439ACD58468A}.Release-MT|ARM64.ActiveCfg = Release|Any CPU
		{3EFEDA92-CAE3-4585-A519-439ACD58468A}.Release-MT|ARM64.Build.0 = Release|Any CPU
		{3EFEDA92-CAE3-4585-A519-439ACD58468A}.Release-MT|x64.ActiveCfg = Release|Any CPU
		{3EFEDA92-CAE3-4585-A519-439ACD58468A}.Release-MT|x64.Build.0 = Release|Any CPU
		{3EFEDA92-CAE3-4585-A519-439ACD58468A}.Release-MT|x86.ActiveCfg = Release|x86
		{3EFEDA92-CAE3-4585-A519-439ACD58468A}.Release-MT|x86.Build.0 = Release|x86
		{4030AC2F-4073-4F33-A529-6AF5B5D99B45}.Debug|Any CPU.ActiveCfg = Debug|Any CPU
		{4030AC2F-4073-4F33-A529-6AF5B5D99B45}.Debug|Any CPU.Build.0 = Debug|Any CPU
		{4030AC2F-4073-4F33-A529-6AF5B5D99B45}.Debug|ARM.ActiveCfg = Debug|Any CPU
		{4030AC2F-4073-4F33-A529-6AF5B5D99B45}.Debug|ARM.Build.0 = Debug|Any CPU
		{4030AC2F-4073-4F33-A529-6AF5B5D99B45}.Debug|ARM64.ActiveCfg = Debug|Any CPU
		{4030AC2F-4073-4F33-A529-6AF5B5D99B45}.Debug|ARM64.Build.0 = Debug|Any CPU
		{4030AC2F-4073-4F33-A529-6AF5B5D99B45}.Debug|x64.ActiveCfg = Debug|Any CPU
		{4030AC2F-4073-4F33-A529-6AF5B5D99B45}.Debug|x64.Build.0 = Debug|Any CPU
		{4030AC2F-4073-4F33-A529-6AF5B5D99B45}.Debug|x86.ActiveCfg = Debug|x86
		{4030AC2F-4073-4F33-A529-6AF5B5D99B45}.Debug|x86.Build.0 = Debug|x86
		{4030AC2F-4073-4F33-A529-6AF5B5D99B45}.Debug-MT|Any CPU.ActiveCfg = Debug|Any CPU
		{4030AC2F-4073-4F33-A529-6AF5B5D99B45}.Debug-MT|Any CPU.Build.0 = Debug|Any CPU
		{4030AC2F-4073-4F33-A529-6AF5B5D99B45}.Debug-MT|ARM.ActiveCfg = Debug|Any CPU
		{4030AC2F-4073-4F33-A529-6AF5B5D99B45}.Debug-MT|ARM.Build.0 = Debug|Any CPU
		{4030AC2F-4073-4F33-A529-6AF5B5D99B45}.Debug-MT|ARM64.ActiveCfg = Debug|Any CPU
		{4030AC2F-4073-4F33-A529-6AF5B5D99B45}.Debug-MT|ARM64.Build.0 = Debug|Any CPU
		{4030AC2F-4073-4F33-A529-6AF5B5D99B45}.Debug-MT|x64.ActiveCfg = Debug|Any CPU
		{4030AC2F-4073-4F33-A529-6AF5B5D99B45}.Debug-MT|x64.Build.0 = Debug|Any CPU
		{4030AC2F-4073-4F33-A529-6AF5B5D99B45}.Debug-MT|x86.ActiveCfg = Debug|x86
		{4030AC2F-4073-4F33-A529-6AF5B5D99B45}.Debug-MT|x86.Build.0 = Debug|x86
		{4030AC2F-4073-4F33-A529-6AF5B5D99B45}.Release|Any CPU.ActiveCfg = Release|Any CPU
		{4030AC2F-4073-4F33-A529-6AF5B5D99B45}.Release|Any CPU.Build.0 = Release|Any CPU
		{4030AC2F-4073-4F33-A529-6AF5B5D99B45}.Release|ARM.ActiveCfg = Release|Any CPU
		{4030AC2F-4073-4F33-A529-6AF5B5D99B45}.Release|ARM.Build.0 = Release|Any CPU
		{4030AC2F-4073-4F33-A529-6AF5B5D99B45}.Release|ARM64.ActiveCfg = Release|Any CPU
		{4030AC2F-4073-4F33-A529-6AF5B5D99B45}.Release|ARM64.Build.0 = Release|Any CPU
		{4030AC2F-4073-4F33-A529-6AF5B5D99B45}.Release|x64.ActiveCfg = Release|Any CPU
		{4030AC2F-4073-4F33-A529-6AF5B5D99B45}.Release|x64.Build.0 = Release|Any CPU
		{4030AC2F-4073-4F33-A529-6AF5B5D99B45}.Release|x86.ActiveCfg = Release|x86
		{4030AC2F-4073-4F33-A529-6AF5B5D99B45}.Release|x86.Build.0 = Release|x86
		{4030AC2F-4073-4F33-A529-6AF5B5D99B45}.Release-MT|Any CPU.ActiveCfg = Release|Any CPU
		{4030AC2F-4073-4F33-A529-6AF5B5D99B45}.Release-MT|Any CPU.Build.0 = Release|Any CPU
		{4030AC2F-4073-4F33-A529-6AF5B5D99B45}.Release-MT|ARM.ActiveCfg = Release|Any CPU
		{4030AC2F-4073-4F33-A529-6AF5B5D99B45}.Release-MT|ARM.Build.0 = Release|Any CPU
		{4030AC2F-4073-4F33-A529-6AF5B5D99B45}.Release-MT|ARM64.ActiveCfg = Release|Any CPU
		{4030AC2F-4073-4F33-A529-6AF5B5D99B45}.Release-MT|ARM64.Build.0 = Release|Any CPU
		{4030AC2F-4073-4F33-A529-6AF5B5D99B45}.Release-MT|x64.ActiveCfg = Release|Any CPU
		{4030AC2F-4073-4F33-A529-6AF5B5D99B45}.Release-MT|x64.Build.0 = Release|Any CPU
		{4030AC2F-4073-4F33-A529-6AF5B5D99B45}.Release-MT|x86.ActiveCfg = Release|x86
		{4030AC2F-4073-4F33-A529-6AF5B5D99B45}.Release-MT|x86.Build.0 = Release|x86
		{1133D96A-E8E5-4C70-8E17-B9226A78093C}.Debug|Any CPU.ActiveCfg = Debug|Any CPU
		{1133D96A-E8E5-4C70-8E17-B9226A78093C}.Debug|Any CPU.Build.0 = Debug|Any CPU
		{1133D96A-E8E5-4C70-8E17-B9226A78093C}.Debug|ARM.ActiveCfg = Debug|Any CPU
		{1133D96A-E8E5-4C70-8E17-B9226A78093C}.Debug|ARM.Build.0 = Debug|Any CPU
		{1133D96A-E8E5-4C70-8E17-B9226A78093C}.Debug|ARM64.ActiveCfg = Debug|Any CPU
		{1133D96A-E8E5-4C70-8E17-B9226A78093C}.Debug|ARM64.Build.0 = Debug|Any CPU
		{1133D96A-E8E5-4C70-8E17-B9226A78093C}.Debug|x64.ActiveCfg = Debug|Any CPU
		{1133D96A-E8E5-4C70-8E17-B9226A78093C}.Debug|x64.Build.0 = Debug|Any CPU
		{1133D96A-E8E5-4C70-8E17-B9226A78093C}.Debug|x86.ActiveCfg = Debug|x86
		{1133D96A-E8E5-4C70-8E17-B9226A78093C}.Debug|x86.Build.0 = Debug|x86
		{1133D96A-E8E5-4C70-8E17-B9226A78093C}.Debug-MT|Any CPU.ActiveCfg = Debug|Any CPU
		{1133D96A-E8E5-4C70-8E17-B9226A78093C}.Debug-MT|Any CPU.Build.0 = Debug|Any CPU
		{1133D96A-E8E5-4C70-8E17-B9226A78093C}.Debug-MT|ARM.ActiveCfg = Debug|Any CPU
		{1133D96A-E8E5-4C70-8E17-B9226A78093C}.Debug-MT|ARM.Build.0 = Debug|Any CPU
		{1133D96A-E8E5-4C70-8E17-B9226A78093C}.Debug-MT|ARM64.ActiveCfg = Debug|Any CPU
		{1133D96A-E8E5-4C70-8E17-B9226A78093C}.Debug-MT|ARM64.Build.0 = Debug|Any CPU
		{1133D96A-E8E5-4C70-8E17-B9226A78093C}.Debug-MT|x64.ActiveCfg = Debug|Any CPU
		{1133D96A-E8E5-4C70-8E17-B9226A78093C}.Debug-MT|x64.Build.0 = Debug|Any CPU
		{1133D96A-E8E5-4C70-8E17-B9226A78093C}.Debug-MT|x86.ActiveCfg = Debug|x86
		{1133D96A-E8E5-4C70-8E17-B9226A78093C}.Debug-MT|x86.Build.0 = Debug|x86
		{1133D96A-E8E5-4C70-8E17-B9226A78093C}.Release|Any CPU.ActiveCfg = Release|Any CPU
		{1133D96A-E8E5-4C70-8E17-B9226A78093C}.Release|Any CPU.Build.0 = Release|Any CPU
		{1133D96A-E8E5-4C70-8E17-B9226A78093C}.Release|ARM.ActiveCfg = Release|Any CPU
		{1133D96A-E8E5-4C70-8E17-B9226A78093C}.Release|ARM.Build.0 = Release|Any CPU
		{1133D96A-E8E5-4C70-8E17-B9226A78093C}.Release|ARM64.ActiveCfg = Release|Any CPU
		{1133D96A-E8E5-4C70-8E17-B9226A78093C}.Release|ARM64.Build.0 = Release|Any CPU
		{1133D96A-E8E5-4C70-8E17-B9226A78093C}.Release|x64.ActiveCfg = Release|Any CPU
		{1133D96A-E8E5-4C70-8E17-B9226A78093C}.Release|x64.Build.0 = Release|Any CPU
		{1133D96A-E8E5-4C70-8E17-B9226A78093C}.Release|x86.ActiveCfg = Release|x86
		{1133D96A-E8E5-4C70-8E17-B9226A78093C}.Release|x86.Build.0 = Release|x86
		{1133D96A-E8E5-4C70-8E17-B9226A78093C}.Release-MT|Any CPU.ActiveCfg = Release|Any CPU
		{1133D96A-E8E5-4C70-8E17-B9226A78093C}.Release-MT|Any CPU.Build.0 = Release|Any CPU
		{1133D96A-E8E5-4C70-8E17-B9226A78093C}.Release-MT|ARM.ActiveCfg = Release|Any CPU
		{1133D96A-E8E5-4C70-8E17-B9226A78093C}.Release-MT|ARM.Build.0 = Release|Any CPU
		{1133D96A-E8E5-4C70-8E17-B9226A78093C}.Release-MT|ARM64.ActiveCfg = Release|Any CPU
		{1133D96A-E8E5-4C70-8E17-B9226A78093C}.Release-MT|ARM64.Build.0 = Release|Any CPU
		{1133D96A-E8E5-4C70-8E17-B9226A78093C}.Release-MT|x64.ActiveCfg = Release|Any CPU
		{1133D96A-E8E5-4C70-8E17-B9226A78093C}.Release-MT|x64.Build.0 = Release|Any CPU
		{1133D96A-E8E5-4C70-8E17-B9226A78093C}.Release-MT|x86.ActiveCfg = Release|x86
		{1133D96A-E8E5-4C70-8E17-B9226A78093C}.Release-MT|x86.Build.0 = Release|x86
		{F7069C5F-8327-471A-9C13-9764C11E3A56}.Debug|Any CPU.ActiveCfg = Debug|Any CPU
		{F7069C5F-8327-471A-9C13-9764C11E3A56}.Debug|Any CPU.Build.0 = Debug|Any CPU
		{F7069C5F-8327-471A-9C13-9764C11E3A56}.Debug|ARM.ActiveCfg = Debug|Any CPU
		{F7069C5F-8327-471A-9C13-9764C11E3A56}.Debug|ARM.Build.0 = Debug|Any CPU
		{F7069C5F-8327-471A-9C13-9764C11E3A56}.Debug|ARM64.ActiveCfg = Debug|Any CPU
		{F7069C5F-8327-471A-9C13-9764C11E3A56}.Debug|ARM64.Build.0 = Debug|Any CPU
		{F7069C5F-8327-471A-9C13-9764C11E3A56}.Debug|x64.ActiveCfg = Debug|Any CPU
		{F7069C5F-8327-471A-9C13-9764C11E3A56}.Debug|x64.Build.0 = Debug|Any CPU
		{F7069C5F-8327-471A-9C13-9764C11E3A56}.Debug|x86.ActiveCfg = Debug|x86
		{F7069C5F-8327-471A-9C13-9764C11E3A56}.Debug|x86.Build.0 = Debug|x86
		{F7069C5F-8327-471A-9C13-9764C11E3A56}.Debug-MT|Any CPU.ActiveCfg = Debug|Any CPU
		{F7069C5F-8327-471A-9C13-9764C11E3A56}.Debug-MT|Any CPU.Build.0 = Debug|Any CPU
		{F7069C5F-8327-471A-9C13-9764C11E3A56}.Debug-MT|ARM.ActiveCfg = Debug|Any CPU
		{F7069C5F-8327-471A-9C13-9764C11E3A56}.Debug-MT|ARM.Build.0 = Debug|Any CPU
		{F7069C5F-8327-471A-9C13-9764C11E3A56}.Debug-MT|ARM64.ActiveCfg = Debug|Any CPU
		{F7069C5F-8327-471A-9C13-9764C11E3A56}.Debug-MT|ARM64.Build.0 = Debug|Any CPU
		{F7069C5F-8327-471A-9C13-9764C11E3A56}.Debug-MT|x64.ActiveCfg = Debug|Any CPU
		{F7069C5F-8327-471A-9C13-9764C11E3A56}.Debug-MT|x64.Build.0 = Debug|Any CPU
		{F7069C5F-8327-471A-9C13-9764C11E3A56}.Debug-MT|x86.ActiveCfg = Debug|x86
		{F7069C5F-8327-471A-9C13-9764C11E3A56}.Debug-MT|x86.Build.0 = Debug|x86
		{F7069C5F-8327-471A-9C13-9764C11E3A56}.Release|Any CPU.ActiveCfg = Release|Any CPU
		{F7069C5F-8327-471A-9C13-9764C11E3A56}.Release|Any CPU.Build.0 = Release|Any CPU
		{F7069C5F-8327-471A-9C13-9764C11E3A56}.Release|ARM.ActiveCfg = Release|Any CPU
		{F7069C5F-8327-471A-9C13-9764C11E3A56}.Release|ARM.Build.0 = Release|Any CPU
		{F7069C5F-8327-471A-9C13-9764C11E3A56}.Release|ARM64.ActiveCfg = Release|Any CPU
		{F7069C5F-8327-471A-9C13-9764C11E3A56}.Release|ARM64.Build.0 = Release|Any CPU
		{F7069C5F-8327-471A-9C13-9764C11E3A56}.Release|x64.ActiveCfg = Release|Any CPU
		{F7069C5F-8327-471A-9C13-9764C11E3A56}.Release|x64.Build.0 = Release|Any CPU
		{F7069C5F-8327-471A-9C13-9764C11E3A56}.Release|x86.ActiveCfg = Release|x86
		{F7069C5F-8327-471A-9C13-9764C11E3A56}.Release|x86.Build.0 = Release|x86
		{F7069C5F-8327-471A-9C13-9764C11E3A56}.Release-MT|Any CPU.ActiveCfg = Release|Any CPU
		{F7069C5F-8327-471A-9C13-9764C11E3A56}.Release-MT|Any CPU.Build.0 = Release|Any CPU
		{F7069C5F-8327-471A-9C13-9764C11E3A56}.Release-MT|ARM.ActiveCfg = Release|Any CPU
		{F7069C5F-8327-471A-9C13-9764C11E3A56}.Release-MT|ARM.Build.0 = Release|Any CPU
		{F7069C5F-8327-471A-9C13-9764C11E3A56}.Release-MT|ARM64.ActiveCfg = Release|Any CPU
		{F7069C5F-8327-471A-9C13-9764C11E3A56}.Release-MT|ARM64.Build.0 = Release|Any CPU
		{F7069C5F-8327-471A-9C13-9764C11E3A56}.Release-MT|x64.ActiveCfg = Release|Any CPU
		{F7069C5F-8327-471A-9C13-9764C11E3A56}.Release-MT|x64.Build.0 = Release|Any CPU
		{F7069C5F-8327-471A-9C13-9764C11E3A56}.Release-MT|x86.ActiveCfg = Release|x86
		{F7069C5F-8327-471A-9C13-9764C11E3A56}.Release-MT|x86.Build.0 = Release|x86
		{C67D8BD5-18C4-4D1D-83E6-03E04660884D}.Debug|Any CPU.ActiveCfg = Debug|Any CPU
		{C67D8BD5-18C4-4D1D-83E6-03E04660884D}.Debug|Any CPU.Build.0 = Debug|Any CPU
		{C67D8BD5-18C4-4D1D-83E6-03E04660884D}.Debug|ARM.ActiveCfg = Debug|Any CPU
		{C67D8BD5-18C4-4D1D-83E6-03E04660884D}.Debug|ARM.Build.0 = Debug|Any CPU
		{C67D8BD5-18C4-4D1D-83E6-03E04660884D}.Debug|ARM64.ActiveCfg = Debug|Any CPU
		{C67D8BD5-18C4-4D1D-83E6-03E04660884D}.Debug|ARM64.Build.0 = Debug|Any CPU
		{C67D8BD5-18C4-4D1D-83E6-03E04660884D}.Debug|x64.ActiveCfg = Debug|Any CPU
		{C67D8BD5-18C4-4D1D-83E6-03E04660884D}.Debug|x64.Build.0 = Debug|Any CPU
		{C67D8BD5-18C4-4D1D-83E6-03E04660884D}.Debug|x86.ActiveCfg = Debug|x86
		{C67D8BD5-18C4-4D1D-83E6-03E04660884D}.Debug|x86.Build.0 = Debug|x86
		{C67D8BD5-18C4-4D1D-83E6-03E04660884D}.Debug-MT|Any CPU.ActiveCfg = Debug|Any CPU
		{C67D8BD5-18C4-4D1D-83E6-03E04660884D}.Debug-MT|Any CPU.Build.0 = Debug|Any CPU
		{C67D8BD5-18C4-4D1D-83E6-03E04660884D}.Debug-MT|ARM.ActiveCfg = Debug|Any CPU
		{C67D8BD5-18C4-4D1D-83E6-03E04660884D}.Debug-MT|ARM.Build.0 = Debug|Any CPU
		{C67D8BD5-18C4-4D1D-83E6-03E04660884D}.Debug-MT|ARM64.ActiveCfg = Debug|Any CPU
		{C67D8BD5-18C4-4D1D-83E6-03E04660884D}.Debug-MT|ARM64.Build.0 = Debug|Any CPU
		{C67D8BD5-18C4-4D1D-83E6-03E04660884D}.Debug-MT|x64.ActiveCfg = Debug|Any CPU
		{C67D8BD5-18C4-4D1D-83E6-03E04660884D}.Debug-MT|x64.Build.0 = Debug|Any CPU
		{C67D8BD5-18C4-4D1D-83E6-03E04660884D}.Debug-MT|x86.ActiveCfg = Debug|x86
		{C67D8BD5-18C4-4D1D-83E6-03E04660884D}.Debug-MT|x86.Build.0 = Debug|x86
		{C67D8BD5-18C4-4D1D-83E6-03E04660884D}.Release|Any CPU.ActiveCfg = Release|Any CPU
		{C67D8BD5-18C4-4D1D-83E6-03E04660884D}.Release|Any CPU.Build.0 = Release|Any CPU
		{C67D8BD5-18C4-4D1D-83E6-03E04660884D}.Release|ARM.ActiveCfg = Release|Any CPU
		{C67D8BD5-18C4-4D1D-83E6-03E04660884D}.Release|ARM.Build.0 = Release|Any CPU
		{C67D8BD5-18C4-4D1D-83E6-03E04660884D}.Release|ARM64.ActiveCfg = Release|Any CPU
		{C67D8BD5-18C4-4D1D-83E6-03E04660884D}.Release|ARM64.Build.0 = Release|Any CPU
		{C67D8BD5-18C4-4D1D-83E6-03E04660884D}.Release|x64.ActiveCfg = Release|Any CPU
		{C67D8BD5-18C4-4D1D-83E6-03E04660884D}.Release|x64.Build.0 = Release|Any CPU
		{C67D8BD5-18C4-4D1D-83E6-03E04660884D}.Release|x86.ActiveCfg = Release|x86
		{C67D8BD5-18C4-4D1D-83E6-03E04660884D}.Release|x86.Build.0 = Release|x86
		{C67D8BD5-18C4-4D1D-83E6-03E04660884D}.Release-MT|Any CPU.ActiveCfg = Release|Any CPU
		{C67D8BD5-18C4-4D1D-83E6-03E04660884D}.Release-MT|Any CPU.Build.0 = Release|Any CPU
		{C67D8BD5-18C4-4D1D-83E6-03E04660884D}.Release-MT|ARM.ActiveCfg = Release|Any CPU
		{C67D8BD5-18C4-4D1D-83E6-03E04660884D}.Release-MT|ARM.Build.0 = Release|Any CPU
		{C67D8BD5-18C4-4D1D-83E6-03E04660884D}.Release-MT|ARM64.ActiveCfg = Release|Any CPU
		{C67D8BD5-18C4-4D1D-83E6-03E04660884D}.Release-MT|ARM64.Build.0 = Release|Any CPU
		{C67D8BD5-18C4-4D1D-83E6-03E04660884D}.Release-MT|x64.ActiveCfg = Release|Any CPU
		{C67D8BD5-18C4-4D1D-83E6-03E04660884D}.Release-MT|x64.Build.0 = Release|Any CPU
		{C67D8BD5-18C4-4D1D-83E6-03E04660884D}.Release-MT|x86.ActiveCfg = Release|x86
		{C67D8BD5-18C4-4D1D-83E6-03E04660884D}.Release-MT|x86.Build.0 = Release|x86
		{D1D2E921-F735-4D04-B6B4-6F9A4B70F749}.Debug|Any CPU.ActiveCfg = Debug|Any CPU
		{D1D2E921-F735-4D04-B6B4-6F9A4B70F749}.Debug|Any CPU.Build.0 = Debug|Any CPU
		{D1D2E921-F735-4D04-B6B4-6F9A4B70F749}.Debug|ARM.ActiveCfg = Debug|Any CPU
		{D1D2E921-F735-4D04-B6B4-6F9A4B70F749}.Debug|ARM.Build.0 = Debug|Any CPU
		{D1D2E921-F735-4D04-B6B4-6F9A4B70F749}.Debug|ARM64.ActiveCfg = Debug|Any CPU
		{D1D2E921-F735-4D04-B6B4-6F9A4B70F749}.Debug|ARM64.Build.0 = Debug|Any CPU
		{D1D2E921-F735-4D04-B6B4-6F9A4B70F749}.Debug|x64.ActiveCfg = Debug|Any CPU
		{D1D2E921-F735-4D04-B6B4-6F9A4B70F749}.Debug|x64.Build.0 = Debug|Any CPU
		{D1D2E921-F735-4D04-B6B4-6F9A4B70F749}.Debug|x86.ActiveCfg = Debug|x86
		{D1D2E921-F735-4D04-B6B4-6F9A4B70F749}.Debug|x86.Build.0 = Debug|x86
		{D1D2E921-F735-4D04-B6B4-6F9A4B70F749}.Debug-MT|Any CPU.ActiveCfg = Debug|Any CPU
		{D1D2E921-F735-4D04-B6B4-6F9A4B70F749}.Debug-MT|Any CPU.Build.0 = Debug|Any CPU
		{D1D2E921-F735-4D04-B6B4-6F9A4B70F749}.Debug-MT|ARM.ActiveCfg = Debug|Any CPU
		{D1D2E921-F735-4D04-B6B4-6F9A4B70F749}.Debug-MT|ARM.Build.0 = Debug|Any CPU
		{D1D2E921-F735-4D04-B6B4-6F9A4B70F749}.Debug-MT|ARM64.ActiveCfg = Debug|Any CPU
		{D1D2E921-F735-4D04-B6B4-6F9A4B70F749}.Debug-MT|ARM64.Build.0 = Debug|Any CPU
		{D1D2E921-F735-4D04-B6B4-6F9A4B70F749}.Debug-MT|x64.ActiveCfg = Debug|Any CPU
		{D1D2E921-F735-4D04-B6B4-6F9A4B70F749}.Debug-MT|x64.Build.0 = Debug|Any CPU
		{D1D2E921-F735-4D04-B6B4-6F9A4B70F749}.Debug-MT|x86.ActiveCfg = Debug|x86
		{D1D2E921-F735-4D04-B6B4-6F9A4B70F749}.Debug-MT|x86.Build.0 = Debug|x86
		{D1D2E921-F735-4D04-B6B4-6F9A4B70F749}.Release|Any CPU.ActiveCfg = Release|Any CPU
		{D1D2E921-F735-4D04-B6B4-6F9A4B70F749}.Release|Any CPU.Build.0 = Release|Any CPU
		{D1D2E921-F735-4D04-B6B4-6F9A4B70F749}.Release|ARM.ActiveCfg = Release|Any CPU
		{D1D2E921-F735-4D04-B6B4-6F9A4B70F749}.Release|ARM.Build.0 = Release|Any CPU
		{D1D2E921-F735-4D04-B6B4-6F9A4B70F749}.Release|ARM64.ActiveCfg = Release|Any CPU
		{D1D2E921-F735-4D04-B6B4-6F9A4B70F749}.Release|ARM64.Build.0 = Release|Any CPU
		{D1D2E921-F735-4D04-B6B4-6F9A4B70F749}.Release|x64.ActiveCfg = Release|Any CPU
		{D1D2E921-F735-4D04-B6B4-6F9A4B70F749}.Release|x64.Build.0 = Release|Any CPU
		{D1D2E921-F735-4D04-B6B4-6F9A4B70F749}.Release|x86.ActiveCfg = Release|x86
		{D1D2E921-F735-4D04-B6B4-6F9A4B70F749}.Release|x86.Build.0 = Release|x86
		{D1D2E921-F735-4D04-B6B4-6F9A4B70F749}.Release-MT|Any CPU.ActiveCfg = Release|Any CPU
		{D1D2E921-F735-4D04-B6B4-6F9A4B70F749}.Release-MT|Any CPU.Build.0 = Release|Any CPU
		{D1D2E921-F735-4D04-B6B4-6F9A4B70F749}.Release-MT|ARM.ActiveCfg = Release|Any CPU
		{D1D2E921-F735-4D04-B6B4-6F9A4B70F749}.Release-MT|ARM.Build.0 = Release|Any CPU
		{D1D2E921-F735-4D04-B6B4-6F9A4B70F749}.Release-MT|ARM64.ActiveCfg = Release|Any CPU
		{D1D2E921-F735-4D04-B6B4-6F9A4B70F749}.Release-MT|ARM64.Build.0 = Release|Any CPU
		{D1D2E921-F735-4D04-B6B4-6F9A4B70F749}.Release-MT|x64.ActiveCfg = Release|Any CPU
		{D1D2E921-F735-4D04-B6B4-6F9A4B70F749}.Release-MT|x64.Build.0 = Release|Any CPU
		{D1D2E921-F735-4D04-B6B4-6F9A4B70F749}.Release-MT|x86.ActiveCfg = Release|x86
		{D1D2E921-F735-4D04-B6B4-6F9A4B70F749}.Release-MT|x86.Build.0 = Release|x86
		{4581EC5B-EB14-4B1A-A85B-9D3B1087DBBE}.Debug|Any CPU.ActiveCfg = Debug|Any CPU
		{4581EC5B-EB14-4B1A-A85B-9D3B1087DBBE}.Debug|Any CPU.Build.0 = Debug|Any CPU
		{4581EC5B-EB14-4B1A-A85B-9D3B1087DBBE}.Debug|ARM.ActiveCfg = Debug|Any CPU
		{4581EC5B-EB14-4B1A-A85B-9D3B1087DBBE}.Debug|ARM.Build.0 = Debug|Any CPU
		{4581EC5B-EB14-4B1A-A85B-9D3B1087DBBE}.Debug|ARM64.ActiveCfg = Debug|Any CPU
		{4581EC5B-EB14-4B1A-A85B-9D3B1087DBBE}.Debug|ARM64.Build.0 = Debug|Any CPU
		{4581EC5B-EB14-4B1A-A85B-9D3B1087DBBE}.Debug|x64.ActiveCfg = Debug|Any CPU
		{4581EC5B-EB14-4B1A-A85B-9D3B1087DBBE}.Debug|x64.Build.0 = Debug|Any CPU
		{4581EC5B-EB14-4B1A-A85B-9D3B1087DBBE}.Debug|x86.ActiveCfg = Debug|x86
		{4581EC5B-EB14-4B1A-A85B-9D3B1087DBBE}.Debug|x86.Build.0 = Debug|x86
		{4581EC5B-EB14-4B1A-A85B-9D3B1087DBBE}.Debug-MT|Any CPU.ActiveCfg = Debug|Any CPU
		{4581EC5B-EB14-4B1A-A85B-9D3B1087DBBE}.Debug-MT|Any CPU.Build.0 = Debug|Any CPU
		{4581EC5B-EB14-4B1A-A85B-9D3B1087DBBE}.Debug-MT|ARM.ActiveCfg = Debug|Any CPU
		{4581EC5B-EB14-4B1A-A85B-9D3B1087DBBE}.Debug-MT|ARM.Build.0 = Debug|Any CPU
		{4581EC5B-EB14-4B1A-A85B-9D3B1087DBBE}.Debug-MT|ARM64.ActiveCfg = Debug|Any CPU
		{4581EC5B-EB14-4B1A-A85B-9D3B1087DBBE}.Debug-MT|ARM64.Build.0 = Debug|Any CPU
		{4581EC5B-EB14-4B1A-A85B-9D3B1087DBBE}.Debug-MT|x64.ActiveCfg = Debug|Any CPU
		{4581EC5B-EB14-4B1A-A85B-9D3B1087DBBE}.Debug-MT|x64.Build.0 = Debug|Any CPU
		{4581EC5B-EB14-4B1A-A85B-9D3B1087DBBE}.Debug-MT|x86.ActiveCfg = Debug|x86
		{4581EC5B-EB14-4B1A-A85B-9D3B1087DBBE}.Debug-MT|x86.Build.0 = Debug|x86
		{4581EC5B-EB14-4B1A-A85B-9D3B1087DBBE}.Release|Any CPU.ActiveCfg = Release|Any CPU
		{4581EC5B-EB14-4B1A-A85B-9D3B1087DBBE}.Release|Any CPU.Build.0 = Release|Any CPU
		{4581EC5B-EB14-4B1A-A85B-9D3B1087DBBE}.Release|ARM.ActiveCfg = Release|Any CPU
		{4581EC5B-EB14-4B1A-A85B-9D3B1087DBBE}.Release|ARM.Build.0 = Release|Any CPU
		{4581EC5B-EB14-4B1A-A85B-9D3B1087DBBE}.Release|ARM64.ActiveCfg = Release|Any CPU
		{4581EC5B-EB14-4B1A-A85B-9D3B1087DBBE}.Release|ARM64.Build.0 = Release|Any CPU
		{4581EC5B-EB14-4B1A-A85B-9D3B1087DBBE}.Release|x64.ActiveCfg = Release|Any CPU
		{4581EC5B-EB14-4B1A-A85B-9D3B1087DBBE}.Release|x64.Build.0 = Release|Any CPU
		{4581EC5B-EB14-4B1A-A85B-9D3B1087DBBE}.Release|x86.ActiveCfg = Release|x86
		{4581EC5B-EB14-4B1A-A85B-9D3B1087DBBE}.Release|x86.Build.0 = Release|x86
		{4581EC5B-EB14-4B1A-A85B-9D3B1087DBBE}.Release-MT|Any CPU.ActiveCfg = Release|Any CPU
		{4581EC5B-EB14-4B1A-A85B-9D3B1087DBBE}.Release-MT|Any CPU.Build.0 = Release|Any CPU
		{4581EC5B-EB14-4B1A-A85B-9D3B1087DBBE}.Release-MT|ARM.ActiveCfg = Release|Any CPU
		{4581EC5B-EB14-4B1A-A85B-9D3B1087DBBE}.Release-MT|ARM.Build.0 = Release|Any CPU
		{4581EC5B-EB14-4B1A-A85B-9D3B1087DBBE}.Release-MT|ARM64.ActiveCfg = Release|Any CPU
		{4581EC5B-EB14-4B1A-A85B-9D3B1087DBBE}.Release-MT|ARM64.Build.0 = Release|Any CPU
		{4581EC5B-EB14-4B1A-A85B-9D3B1087DBBE}.Release-MT|x64.ActiveCfg = Release|Any CPU
		{4581EC5B-EB14-4B1A-A85B-9D3B1087DBBE}.Release-MT|x64.Build.0 = Release|Any CPU
		{4581EC5B-EB14-4B1A-A85B-9D3B1087DBBE}.Release-MT|x86.ActiveCfg = Release|x86
		{4581EC5B-EB14-4B1A-A85B-9D3B1087DBBE}.Release-MT|x86.Build.0 = Release|x86
		{0A78F6FF-5586-4052-8104-E23FF83A7CE1}.Debug|Any CPU.ActiveCfg = Debug|Any CPU
		{0A78F6FF-5586-4052-8104-E23FF83A7CE1}.Debug|Any CPU.Build.0 = Debug|Any CPU
		{0A78F6FF-5586-4052-8104-E23FF83A7CE1}.Debug|ARM.ActiveCfg = Debug|Any CPU
		{0A78F6FF-5586-4052-8104-E23FF83A7CE1}.Debug|ARM.Build.0 = Debug|Any CPU
		{0A78F6FF-5586-4052-8104-E23FF83A7CE1}.Debug|ARM64.ActiveCfg = Debug|Any CPU
		{0A78F6FF-5586-4052-8104-E23FF83A7CE1}.Debug|ARM64.Build.0 = Debug|Any CPU
		{0A78F6FF-5586-4052-8104-E23FF83A7CE1}.Debug|x64.ActiveCfg = Debug|Any CPU
		{0A78F6FF-5586-4052-8104-E23FF83A7CE1}.Debug|x64.Build.0 = Debug|Any CPU
		{0A78F6FF-5586-4052-8104-E23FF83A7CE1}.Debug|x86.ActiveCfg = Debug|Any CPU
		{0A78F6FF-5586-4052-8104-E23FF83A7CE1}.Debug|x86.Build.0 = Debug|Any CPU
		{0A78F6FF-5586-4052-8104-E23FF83A7CE1}.Debug-MT|Any CPU.ActiveCfg = Debug|Any CPU
		{0A78F6FF-5586-4052-8104-E23FF83A7CE1}.Debug-MT|Any CPU.Build.0 = Debug|Any CPU
		{0A78F6FF-5586-4052-8104-E23FF83A7CE1}.Debug-MT|ARM.ActiveCfg = Debug|Any CPU
		{0A78F6FF-5586-4052-8104-E23FF83A7CE1}.Debug-MT|ARM.Build.0 = Debug|Any CPU
		{0A78F6FF-5586-4052-8104-E23FF83A7CE1}.Debug-MT|ARM64.ActiveCfg = Debug|Any CPU
		{0A78F6FF-5586-4052-8104-E23FF83A7CE1}.Debug-MT|ARM64.Build.0 = Debug|Any CPU
		{0A78F6FF-5586-4052-8104-E23FF83A7CE1}.Debug-MT|x64.ActiveCfg = Debug|Any CPU
		{0A78F6FF-5586-4052-8104-E23FF83A7CE1}.Debug-MT|x64.Build.0 = Debug|Any CPU
		{0A78F6FF-5586-4052-8104-E23FF83A7CE1}.Debug-MT|x86.ActiveCfg = Debug|Any CPU
		{0A78F6FF-5586-4052-8104-E23FF83A7CE1}.Debug-MT|x86.Build.0 = Debug|Any CPU
		{0A78F6FF-5586-4052-8104-E23FF83A7CE1}.Release|Any CPU.ActiveCfg = Release|Any CPU
		{0A78F6FF-5586-4052-8104-E23FF83A7CE1}.Release|Any CPU.Build.0 = Release|Any CPU
		{0A78F6FF-5586-4052-8104-E23FF83A7CE1}.Release|ARM.ActiveCfg = Release|Any CPU
		{0A78F6FF-5586-4052-8104-E23FF83A7CE1}.Release|ARM.Build.0 = Release|Any CPU
		{0A78F6FF-5586-4052-8104-E23FF83A7CE1}.Release|ARM64.ActiveCfg = Release|Any CPU
		{0A78F6FF-5586-4052-8104-E23FF83A7CE1}.Release|ARM64.Build.0 = Release|Any CPU
		{0A78F6FF-5586-4052-8104-E23FF83A7CE1}.Release|x64.ActiveCfg = Release|Any CPU
		{0A78F6FF-5586-4052-8104-E23FF83A7CE1}.Release|x64.Build.0 = Release|Any CPU
		{0A78F6FF-5586-4052-8104-E23FF83A7CE1}.Release|x86.ActiveCfg = Release|Any CPU
		{0A78F6FF-5586-4052-8104-E23FF83A7CE1}.Release|x86.Build.0 = Release|Any CPU
		{0A78F6FF-5586-4052-8104-E23FF83A7CE1}.Release-MT|Any CPU.ActiveCfg = Release|Any CPU
		{0A78F6FF-5586-4052-8104-E23FF83A7CE1}.Release-MT|Any CPU.Build.0 = Release|Any CPU
		{0A78F6FF-5586-4052-8104-E23FF83A7CE1}.Release-MT|ARM.ActiveCfg = Release|Any CPU
		{0A78F6FF-5586-4052-8104-E23FF83A7CE1}.Release-MT|ARM.Build.0 = Release|Any CPU
		{0A78F6FF-5586-4052-8104-E23FF83A7CE1}.Release-MT|ARM64.ActiveCfg = Release|Any CPU
		{0A78F6FF-5586-4052-8104-E23FF83A7CE1}.Release-MT|ARM64.Build.0 = Release|Any CPU
		{0A78F6FF-5586-4052-8104-E23FF83A7CE1}.Release-MT|x64.ActiveCfg = Release|Any CPU
		{0A78F6FF-5586-4052-8104-E23FF83A7CE1}.Release-MT|x64.Build.0 = Release|Any CPU
		{0A78F6FF-5586-4052-8104-E23FF83A7CE1}.Release-MT|x86.ActiveCfg = Release|Any CPU
		{0A78F6FF-5586-4052-8104-E23FF83A7CE1}.Release-MT|x86.Build.0 = Release|Any CPU
		{51945A8A-A1A5-4DFE-8809-1D7C59C5A4DA}.Debug|Any CPU.ActiveCfg = Debug|Any CPU
		{51945A8A-A1A5-4DFE-8809-1D7C59C5A4DA}.Debug|Any CPU.Build.0 = Debug|Any CPU
		{51945A8A-A1A5-4DFE-8809-1D7C59C5A4DA}.Debug|ARM.ActiveCfg = Debug|Any CPU
		{51945A8A-A1A5-4DFE-8809-1D7C59C5A4DA}.Debug|ARM.Build.0 = Debug|Any CPU
		{51945A8A-A1A5-4DFE-8809-1D7C59C5A4DA}.Debug|ARM64.ActiveCfg = Debug|Any CPU
		{51945A8A-A1A5-4DFE-8809-1D7C59C5A4DA}.Debug|ARM64.Build.0 = Debug|Any CPU
		{51945A8A-A1A5-4DFE-8809-1D7C59C5A4DA}.Debug|x64.ActiveCfg = Debug|Any CPU
		{51945A8A-A1A5-4DFE-8809-1D7C59C5A4DA}.Debug|x64.Build.0 = Debug|Any CPU
		{51945A8A-A1A5-4DFE-8809-1D7C59C5A4DA}.Debug|x86.ActiveCfg = Debug|Any CPU
		{51945A8A-A1A5-4DFE-8809-1D7C59C5A4DA}.Debug|x86.Build.0 = Debug|Any CPU
		{51945A8A-A1A5-4DFE-8809-1D7C59C5A4DA}.Debug-MT|Any CPU.ActiveCfg = Debug|Any CPU
		{51945A8A-A1A5-4DFE-8809-1D7C59C5A4DA}.Debug-MT|Any CPU.Build.0 = Debug|Any CPU
		{51945A8A-A1A5-4DFE-8809-1D7C59C5A4DA}.Debug-MT|ARM.ActiveCfg = Debug|Any CPU
		{51945A8A-A1A5-4DFE-8809-1D7C59C5A4DA}.Debug-MT|ARM.Build.0 = Debug|Any CPU
		{51945A8A-A1A5-4DFE-8809-1D7C59C5A4DA}.Debug-MT|ARM64.ActiveCfg = Debug|Any CPU
		{51945A8A-A1A5-4DFE-8809-1D7C59C5A4DA}.Debug-MT|ARM64.Build.0 = Debug|Any CPU
		{51945A8A-A1A5-4DFE-8809-1D7C59C5A4DA}.Debug-MT|x64.ActiveCfg = Debug|Any CPU
		{51945A8A-A1A5-4DFE-8809-1D7C59C5A4DA}.Debug-MT|x64.Build.0 = Debug|Any CPU
		{51945A8A-A1A5-4DFE-8809-1D7C59C5A4DA}.Debug-MT|x86.ActiveCfg = Debug|Any CPU
		{51945A8A-A1A5-4DFE-8809-1D7C59C5A4DA}.Debug-MT|x86.Build.0 = Debug|Any CPU
		{51945A8A-A1A5-4DFE-8809-1D7C59C5A4DA}.Release|Any CPU.ActiveCfg = Release|Any CPU
		{51945A8A-A1A5-4DFE-8809-1D7C59C5A4DA}.Release|Any CPU.Build.0 = Release|Any CPU
		{51945A8A-A1A5-4DFE-8809-1D7C59C5A4DA}.Release|ARM.ActiveCfg = Release|Any CPU
		{51945A8A-A1A5-4DFE-8809-1D7C59C5A4DA}.Release|ARM.Build.0 = Release|Any CPU
		{51945A8A-A1A5-4DFE-8809-1D7C59C5A4DA}.Release|ARM64.ActiveCfg = Release|Any CPU
		{51945A8A-A1A5-4DFE-8809-1D7C59C5A4DA}.Release|ARM64.Build.0 = Release|Any CPU
		{51945A8A-A1A5-4DFE-8809-1D7C59C5A4DA}.Release|x64.ActiveCfg = Release|Any CPU
		{51945A8A-A1A5-4DFE-8809-1D7C59C5A4DA}.Release|x64.Build.0 = Release|Any CPU
		{51945A8A-A1A5-4DFE-8809-1D7C59C5A4DA}.Release|x86.ActiveCfg = Release|Any CPU
		{51945A8A-A1A5-4DFE-8809-1D7C59C5A4DA}.Release|x86.Build.0 = Release|Any CPU
		{51945A8A-A1A5-4DFE-8809-1D7C59C5A4DA}.Release-MT|Any CPU.ActiveCfg = Release|Any CPU
		{51945A8A-A1A5-4DFE-8809-1D7C59C5A4DA}.Release-MT|Any CPU.Build.0 = Release|Any CPU
		{51945A8A-A1A5-4DFE-8809-1D7C59C5A4DA}.Release-MT|ARM.ActiveCfg = Release|Any CPU
		{51945A8A-A1A5-4DFE-8809-1D7C59C5A4DA}.Release-MT|ARM.Build.0 = Release|Any CPU
		{51945A8A-A1A5-4DFE-8809-1D7C59C5A4DA}.Release-MT|ARM64.ActiveCfg = Release|Any CPU
		{51945A8A-A1A5-4DFE-8809-1D7C59C5A4DA}.Release-MT|ARM64.Build.0 = Release|Any CPU
		{51945A8A-A1A5-4DFE-8809-1D7C59C5A4DA}.Release-MT|x64.ActiveCfg = Release|Any CPU
		{51945A8A-A1A5-4DFE-8809-1D7C59C5A4DA}.Release-MT|x64.Build.0 = Release|Any CPU
		{51945A8A-A1A5-4DFE-8809-1D7C59C5A4DA}.Release-MT|x86.ActiveCfg = Release|Any CPU
		{51945A8A-A1A5-4DFE-8809-1D7C59C5A4DA}.Release-MT|x86.Build.0 = Release|Any CPU
		{519DDD94-3A95-4F0D-9B51-B6C75DE45F55}.Debug|Any CPU.ActiveCfg = Debug|Any CPU
		{519DDD94-3A95-4F0D-9B51-B6C75DE45F55}.Debug|Any CPU.Build.0 = Debug|Any CPU
		{519DDD94-3A95-4F0D-9B51-B6C75DE45F55}.Debug|ARM.ActiveCfg = Debug|Any CPU
		{519DDD94-3A95-4F0D-9B51-B6C75DE45F55}.Debug|ARM.Build.0 = Debug|Any CPU
		{519DDD94-3A95-4F0D-9B51-B6C75DE45F55}.Debug|ARM64.ActiveCfg = Debug|Any CPU
		{519DDD94-3A95-4F0D-9B51-B6C75DE45F55}.Debug|ARM64.Build.0 = Debug|Any CPU
		{519DDD94-3A95-4F0D-9B51-B6C75DE45F55}.Debug|x64.ActiveCfg = Debug|Any CPU
		{519DDD94-3A95-4F0D-9B51-B6C75DE45F55}.Debug|x64.Build.0 = Debug|Any CPU
		{519DDD94-3A95-4F0D-9B51-B6C75DE45F55}.Debug|x86.ActiveCfg = Debug|Any CPU
		{519DDD94-3A95-4F0D-9B51-B6C75DE45F55}.Debug|x86.Build.0 = Debug|Any CPU
		{519DDD94-3A95-4F0D-9B51-B6C75DE45F55}.Debug-MT|Any CPU.ActiveCfg = Debug|Any CPU
		{519DDD94-3A95-4F0D-9B51-B6C75DE45F55}.Debug-MT|Any CPU.Build.0 = Debug|Any CPU
		{519DDD94-3A95-4F0D-9B51-B6C75DE45F55}.Debug-MT|ARM.ActiveCfg = Debug|Any CPU
		{519DDD94-3A95-4F0D-9B51-B6C75DE45F55}.Debug-MT|ARM.Build.0 = Debug|Any CPU
		{519DDD94-3A95-4F0D-9B51-B6C75DE45F55}.Debug-MT|ARM64.ActiveCfg = Debug|Any CPU
		{519DDD94-3A95-4F0D-9B51-B6C75DE45F55}.Debug-MT|ARM64.Build.0 = Debug|Any CPU
		{519DDD94-3A95-4F0D-9B51-B6C75DE45F55}.Debug-MT|x64.ActiveCfg = Debug|Any CPU
		{519DDD94-3A95-4F0D-9B51-B6C75DE45F55}.Debug-MT|x64.Build.0 = Debug|Any CPU
		{519DDD94-3A95-4F0D-9B51-B6C75DE45F55}.Debug-MT|x86.ActiveCfg = Debug|Any CPU
		{519DDD94-3A95-4F0D-9B51-B6C75DE45F55}.Debug-MT|x86.Build.0 = Debug|Any CPU
		{519DDD94-3A95-4F0D-9B51-B6C75DE45F55}.Release|Any CPU.ActiveCfg = Release|Any CPU
		{519DDD94-3A95-4F0D-9B51-B6C75DE45F55}.Release|Any CPU.Build.0 = Release|Any CPU
		{519DDD94-3A95-4F0D-9B51-B6C75DE45F55}.Release|ARM.ActiveCfg = Release|Any CPU
		{519DDD94-3A95-4F0D-9B51-B6C75DE45F55}.Release|ARM.Build.0 = Release|Any CPU
		{519DDD94-3A95-4F0D-9B51-B6C75DE45F55}.Release|ARM64.ActiveCfg = Release|Any CPU
		{519DDD94-3A95-4F0D-9B51-B6C75DE45F55}.Release|ARM64.Build.0 = Release|Any CPU
		{519DDD94-3A95-4F0D-9B51-B6C75DE45F55}.Release|x64.ActiveCfg = Release|Any CPU
		{519DDD94-3A95-4F0D-9B51-B6C75DE45F55}.Release|x64.Build.0 = Release|Any CPU
		{519DDD94-3A95-4F0D-9B51-B6C75DE45F55}.Release|x86.ActiveCfg = Release|Any CPU
		{519DDD94-3A95-4F0D-9B51-B6C75DE45F55}.Release|x86.Build.0 = Release|Any CPU
		{519DDD94-3A95-4F0D-9B51-B6C75DE45F55}.Release-MT|Any CPU.ActiveCfg = Release|Any CPU
		{519DDD94-3A95-4F0D-9B51-B6C75DE45F55}.Release-MT|Any CPU.Build.0 = Release|Any CPU
		{519DDD94-3A95-4F0D-9B51-B6C75DE45F55}.Release-MT|ARM.ActiveCfg = Release|Any CPU
		{519DDD94-3A95-4F0D-9B51-B6C75DE45F55}.Release-MT|ARM.Build.0 = Release|Any CPU
		{519DDD94-3A95-4F0D-9B51-B6C75DE45F55}.Release-MT|ARM64.ActiveCfg = Release|Any CPU
		{519DDD94-3A95-4F0D-9B51-B6C75DE45F55}.Release-MT|ARM64.Build.0 = Release|Any CPU
		{519DDD94-3A95-4F0D-9B51-B6C75DE45F55}.Release-MT|x64.ActiveCfg = Release|Any CPU
		{519DDD94-3A95-4F0D-9B51-B6C75DE45F55}.Release-MT|x64.Build.0 = Release|Any CPU
		{519DDD94-3A95-4F0D-9B51-B6C75DE45F55}.Release-MT|x86.ActiveCfg = Release|Any CPU
		{519DDD94-3A95-4F0D-9B51-B6C75DE45F55}.Release-MT|x86.Build.0 = Release|Any CPU
		{BE6F8A0A-EE80-47CE-B7CF-A700849BB2A0}.Debug|Any CPU.ActiveCfg = Debug|Any CPU
		{BE6F8A0A-EE80-47CE-B7CF-A700849BB2A0}.Debug|Any CPU.Build.0 = Debug|Any CPU
		{BE6F8A0A-EE80-47CE-B7CF-A700849BB2A0}.Debug|ARM.ActiveCfg = Debug|Any CPU
		{BE6F8A0A-EE80-47CE-B7CF-A700849BB2A0}.Debug|ARM.Build.0 = Debug|Any CPU
		{BE6F8A0A-EE80-47CE-B7CF-A700849BB2A0}.Debug|ARM64.ActiveCfg = Debug|Any CPU
		{BE6F8A0A-EE80-47CE-B7CF-A700849BB2A0}.Debug|ARM64.Build.0 = Debug|Any CPU
		{BE6F8A0A-EE80-47CE-B7CF-A700849BB2A0}.Debug|x64.ActiveCfg = Debug|Any CPU
		{BE6F8A0A-EE80-47CE-B7CF-A700849BB2A0}.Debug|x64.Build.0 = Debug|Any CPU
		{BE6F8A0A-EE80-47CE-B7CF-A700849BB2A0}.Debug|x86.ActiveCfg = Debug|Any CPU
		{BE6F8A0A-EE80-47CE-B7CF-A700849BB2A0}.Debug|x86.Build.0 = Debug|Any CPU
		{BE6F8A0A-EE80-47CE-B7CF-A700849BB2A0}.Debug-MT|Any CPU.ActiveCfg = Debug|Any CPU
		{BE6F8A0A-EE80-47CE-B7CF-A700849BB2A0}.Debug-MT|Any CPU.Build.0 = Debug|Any CPU
		{BE6F8A0A-EE80-47CE-B7CF-A700849BB2A0}.Debug-MT|ARM.ActiveCfg = Debug|Any CPU
		{BE6F8A0A-EE80-47CE-B7CF-A700849BB2A0}.Debug-MT|ARM.Build.0 = Debug|Any CPU
		{BE6F8A0A-EE80-47CE-B7CF-A700849BB2A0}.Debug-MT|ARM64.ActiveCfg = Debug|Any CPU
		{BE6F8A0A-EE80-47CE-B7CF-A700849BB2A0}.Debug-MT|ARM64.Build.0 = Debug|Any CPU
		{BE6F8A0A-EE80-47CE-B7CF-A700849BB2A0}.Debug-MT|x64.ActiveCfg = Debug|Any CPU
		{BE6F8A0A-EE80-47CE-B7CF-A700849BB2A0}.Debug-MT|x64.Build.0 = Debug|Any CPU
		{BE6F8A0A-EE80-47CE-B7CF-A700849BB2A0}.Debug-MT|x86.ActiveCfg = Debug|Any CPU
		{BE6F8A0A-EE80-47CE-B7CF-A700849BB2A0}.Debug-MT|x86.Build.0 = Debug|Any CPU
		{BE6F8A0A-EE80-47CE-B7CF-A700849BB2A0}.Release|Any CPU.ActiveCfg = Release|Any CPU
		{BE6F8A0A-EE80-47CE-B7CF-A700849BB2A0}.Release|Any CPU.Build.0 = Release|Any CPU
		{BE6F8A0A-EE80-47CE-B7CF-A700849BB2A0}.Release|ARM.ActiveCfg = Release|Any CPU
		{BE6F8A0A-EE80-47CE-B7CF-A700849BB2A0}.Release|ARM.Build.0 = Release|Any CPU
		{BE6F8A0A-EE80-47CE-B7CF-A700849BB2A0}.Release|ARM64.ActiveCfg = Release|Any CPU
		{BE6F8A0A-EE80-47CE-B7CF-A700849BB2A0}.Release|ARM64.Build.0 = Release|Any CPU
		{BE6F8A0A-EE80-47CE-B7CF-A700849BB2A0}.Release|x64.ActiveCfg = Release|Any CPU
		{BE6F8A0A-EE80-47CE-B7CF-A700849BB2A0}.Release|x64.Build.0 = Release|Any CPU
		{BE6F8A0A-EE80-47CE-B7CF-A700849BB2A0}.Release|x86.ActiveCfg = Release|Any CPU
		{BE6F8A0A-EE80-47CE-B7CF-A700849BB2A0}.Release|x86.Build.0 = Release|Any CPU
		{BE6F8A0A-EE80-47CE-B7CF-A700849BB2A0}.Release-MT|Any CPU.ActiveCfg = Release|Any CPU
		{BE6F8A0A-EE80-47CE-B7CF-A700849BB2A0}.Release-MT|Any CPU.Build.0 = Release|Any CPU
		{BE6F8A0A-EE80-47CE-B7CF-A700849BB2A0}.Release-MT|ARM.ActiveCfg = Release|Any CPU
		{BE6F8A0A-EE80-47CE-B7CF-A700849BB2A0}.Release-MT|ARM.Build.0 = Release|Any CPU
		{BE6F8A0A-EE80-47CE-B7CF-A700849BB2A0}.Release-MT|ARM64.ActiveCfg = Release|Any CPU
		{BE6F8A0A-EE80-47CE-B7CF-A700849BB2A0}.Release-MT|ARM64.Build.0 = Release|Any CPU
		{BE6F8A0A-EE80-47CE-B7CF-A700849BB2A0}.Release-MT|x64.ActiveCfg = Release|Any CPU
		{BE6F8A0A-EE80-47CE-B7CF-A700849BB2A0}.Release-MT|x64.Build.0 = Release|Any CPU
		{BE6F8A0A-EE80-47CE-B7CF-A700849BB2A0}.Release-MT|x86.ActiveCfg = Release|Any CPU
		{BE6F8A0A-EE80-47CE-B7CF-A700849BB2A0}.Release-MT|x86.Build.0 = Release|Any CPU
		{349EE8FA-7D25-4909-AAF5-FF3FADE72187}.Debug|Any CPU.ActiveCfg = Debug|x64
		{349EE8FA-7D25-4909-AAF5-FF3FADE72187}.Debug|Any CPU.Build.0 = Debug|x64
		{349EE8FA-7D25-4909-AAF5-FF3FADE72187}.Debug|ARM.ActiveCfg = Debug|ARM
		{349EE8FA-7D25-4909-AAF5-FF3FADE72187}.Debug|ARM.Build.0 = Debug|ARM
		{349EE8FA-7D25-4909-AAF5-FF3FADE72187}.Debug|ARM64.ActiveCfg = Debug|ARM64
		{349EE8FA-7D25-4909-AAF5-FF3FADE72187}.Debug|ARM64.Build.0 = Debug|ARM64
		{349EE8FA-7D25-4909-AAF5-FF3FADE72187}.Debug|x64.ActiveCfg = Debug|x64
		{349EE8FA-7D25-4909-AAF5-FF3FADE72187}.Debug|x64.Build.0 = Debug|x64
		{349EE8FA-7D25-4909-AAF5-FF3FADE72187}.Debug|x86.ActiveCfg = Debug|Win32
		{349EE8FA-7D25-4909-AAF5-FF3FADE72187}.Debug|x86.Build.0 = Debug|Win32
		{349EE8FA-7D25-4909-AAF5-FF3FADE72187}.Debug-MT|Any CPU.ActiveCfg = Debug-MT|x64
		{349EE8FA-7D25-4909-AAF5-FF3FADE72187}.Debug-MT|Any CPU.Build.0 = Debug-MT|x64
		{349EE8FA-7D25-4909-AAF5-FF3FADE72187}.Debug-MT|ARM.ActiveCfg = Debug-MT|ARM
		{349EE8FA-7D25-4909-AAF5-FF3FADE72187}.Debug-MT|ARM.Build.0 = Debug-MT|ARM
		{349EE8FA-7D25-4909-AAF5-FF3FADE72187}.Debug-MT|ARM64.ActiveCfg = Debug-MT|ARM64
		{349EE8FA-7D25-4909-AAF5-FF3FADE72187}.Debug-MT|ARM64.Build.0 = Debug-MT|ARM64
		{349EE8FA-7D25-4909-AAF5-FF3FADE72187}.Debug-MT|x64.ActiveCfg = Debug-MT|x64
		{349EE8FA-7D25-4909-AAF5-FF3FADE72187}.Debug-MT|x64.Build.0 = Debug-MT|x64
		{349EE8FA-7D25-4909-AAF5-FF3FADE72187}.Debug-MT|x86.ActiveCfg = Debug-MT|Win32
		{349EE8FA-7D25-4909-AAF5-FF3FADE72187}.Debug-MT|x86.Build.0 = Debug-MT|Win32
		{349EE8FA-7D25-4909-AAF5-FF3FADE72187}.Release|Any CPU.ActiveCfg = Release|x64
		{349EE8FA-7D25-4909-AAF5-FF3FADE72187}.Release|Any CPU.Build.0 = Release|x64
		{349EE8FA-7D25-4909-AAF5-FF3FADE72187}.Release|ARM.ActiveCfg = Release|ARM
		{349EE8FA-7D25-4909-AAF5-FF3FADE72187}.Release|ARM.Build.0 = Release|ARM
		{349EE8FA-7D25-4909-AAF5-FF3FADE72187}.Release|ARM64.ActiveCfg = Release|ARM64
		{349EE8FA-7D25-4909-AAF5-FF3FADE72187}.Release|ARM64.Build.0 = Release|ARM64
		{349EE8FA-7D25-4909-AAF5-FF3FADE72187}.Release|x64.ActiveCfg = Release|x64
		{349EE8FA-7D25-4909-AAF5-FF3FADE72187}.Release|x64.Build.0 = Release|x64
		{349EE8FA-7D25-4909-AAF5-FF3FADE72187}.Release|x86.ActiveCfg = Release|Win32
		{349EE8FA-7D25-4909-AAF5-FF3FADE72187}.Release|x86.Build.0 = Release|Win32
		{349EE8FA-7D25-4909-AAF5-FF3FADE72187}.Release-MT|Any CPU.ActiveCfg = Release-MT|x64
		{349EE8FA-7D25-4909-AAF5-FF3FADE72187}.Release-MT|Any CPU.Build.0 = Release-MT|x64
		{349EE8FA-7D25-4909-AAF5-FF3FADE72187}.Release-MT|ARM.ActiveCfg = Release-MT|ARM
		{349EE8FA-7D25-4909-AAF5-FF3FADE72187}.Release-MT|ARM.Build.0 = Release-MT|ARM
		{349EE8FA-7D25-4909-AAF5-FF3FADE72187}.Release-MT|ARM64.ActiveCfg = Release-MT|ARM64
		{349EE8FA-7D25-4909-AAF5-FF3FADE72187}.Release-MT|ARM64.Build.0 = Release-MT|ARM64
		{349EE8FA-7D25-4909-AAF5-FF3FADE72187}.Release-MT|x64.ActiveCfg = Release-MT|x64
		{349EE8FA-7D25-4909-AAF5-FF3FADE72187}.Release-MT|x64.Build.0 = Release-MT|x64
		{349EE8FA-7D25-4909-AAF5-FF3FADE72187}.Release-MT|x86.ActiveCfg = Release-MT|Win32
		{349EE8FA-7D25-4909-AAF5-FF3FADE72187}.Release-MT|x86.Build.0 = Release-MT|Win32
	EndGlobalSection
	GlobalSection(SolutionProperties) = preSolution
		HideSolutionNode = FALSE
	EndGlobalSection
	GlobalSection(NestedProjects) = preSolution
		{4030AC2F-4073-4F33-A529-6AF5B5D99B45} = {5E024A6D-DD45-421A-BF51-73DBA0A27E53}
		{1133D96A-E8E5-4C70-8E17-B9226A78093C} = {5E024A6D-DD45-421A-BF51-73DBA0A27E53}
		{F7069C5F-8327-471A-9C13-9764C11E3A56} = {5E024A6D-DD45-421A-BF51-73DBA0A27E53}
		{C67D8BD5-18C4-4D1D-83E6-03E04660884D} = {5E024A6D-DD45-421A-BF51-73DBA0A27E53}
		{4581EC5B-EB14-4B1A-A85B-9D3B1087DBBE} = {5E024A6D-DD45-421A-BF51-73DBA0A27E53}
		{BE6F8A0A-EE80-47CE-B7CF-A700849BB2A0} = {5E024A6D-DD45-421A-BF51-73DBA0A27E53}
	EndGlobalSection
	GlobalSection(ExtensibilityGlobals) = postSolution
		SolutionGuid = {172DABE3-7B01-4538-9AE4-4B3C258A4E35}
	EndGlobalSection
	GlobalSection(MonoDevelopProperties) = preSolution
		StartupItem = Test_Info\Test_Info.csproj
	EndGlobalSection
EndGlobal
